
Microsoft Visual Studio Solution File, Format Version 12.00
# Visual Studio Version 17
VisualStudioVersion = 17.7.34202.233
MinimumVisualStudioVersion = 10.0.40219.1
Project("{FAE04EC0-301F-11D3-BF4B-00C04F79EFBC}") = "Meetup", "Meetup\Meetup.csproj", "{EAA83B90-4916-414D-AF05-315CF9C97FC1}"
EndProject
Global
	GlobalSection(SolutionConfigurationPlatforms) = preSolution
		Debug|Any CPU = Debug|Any CPU
		Release|Any CPU = Release|Any CPU
	EndGlobalSection
	GlobalSection(ProjectConfigurationPlatforms) = postSolution
		{EAA83B90-4916-414D-AF05-315CF9C97FC1}.Debug|Any CPU.ActiveCfg = Debug|Any CPU
		{EAA83B90-4916-414D-AF05-315CF9C97FC1}.Debug|Any CPU.Build.0 = Debug|Any CPU
		{EAA83B90-4916-414D-AF05-315CF9C97FC1}.Release|Any CPU.ActiveCfg = Release|Any CPU
		{EAA83B90-4916-414D-AF05-315CF9C97FC1}.Release|Any CPU.Build.0 = Release|Any CPU
	EndGlobalSection
	GlobalSection(SolutionProperties) = preSolution
		HideSolutionNode = FALSE
	EndGlobalSection
	GlobalSection(ExtensibilityGlobals) = postSolution
		SolutionGuid = {EEDAE052-CC73-46BD-8669-E47203B3B924}
	EndGlobalSection
EndGlobal
